
Microsoft Visual Studio Solution File, Format Version 12.00
# Visual Studio Version 17
VisualStudioVersion = 17.8.34511.84
MinimumVisualStudioVersion = 10.0.40219.1
Project("{FAE04EC0-301F-11D3-BF4B-00C04F79EFBC}") = "Mission11_Edgerton", "Mission11_Edgerton\Mission11_Edgerton.csproj", "{3A93A8AD-E668-4A7F-98B5-E3BF08BD8F1D}"
EndProject
Global
	GlobalSection(SolutionConfigurationPlatforms) = preSolution
		Debug|Any CPU = Debug|Any CPU
		Release|Any CPU = Release|Any CPU
	EndGlobalSection
	GlobalSection(ProjectConfigurationPlatforms) = postSolution
		{3A93A8AD-E668-4A7F-98B5-E3BF08BD8F1D}.Debug|Any CPU.ActiveCfg = Debug|Any CPU
		{3A93A8AD-E668-4A7F-98B5-E3BF08BD8F1D}.Debug|Any CPU.Build.0 = Debug|Any CPU
		{3A93A8AD-E668-4A7F-98B5-E3BF08BD8F1D}.Release|Any CPU.ActiveCfg = Release|Any CPU
		{3A93A8AD-E668-4A7F-98B5-E3BF08BD8F1D}.Release|Any CPU.Build.0 = Release|Any CPU
	EndGlobalSection
	GlobalSection(SolutionProperties) = preSolution
		HideSolutionNode = FALSE
	EndGlobalSection
	GlobalSection(ExtensibilityGlobals) = postSolution
		SolutionGuid = {34B7663F-B4C8-4797-A0C5-6E90FA400166}
	EndGlobalSection
EndGlobal
